<?xml version="1.0" encoding="utf-8"?>
<Project ToolsVersion="4.0" xmlns="http://schemas.microsoft.com/developer/msbuild/2003">
  <ItemGroup>
    <Filter Include="Source Files">
      <UniqueIdentifier>{4FC737F1-C7A5-4376-A066-2A32D752A2FF}</UniqueIdentifier>
      <Extensions>cpp;c;cc;cxx;c++;cppm;ixx;def;odl;idl;hpj;bat;asm;asmx</Extensions>
    </Filter>
    <Filter Include="Header Files">
      <UniqueIdentifier>{93995380-89BD-4b04-88EB-625FBE52EBFB}</UniqueIdentifier>
      <Extensions>h;hh;hpp;hxx;h++;hm;inl;inc;ipp;xsd</Extensions>
    </Filter>
    <Filter Include="Resource Files">
      <UniqueIdentifier>{67DA6AB6-F800-4c08-8B7A-83BB121AAD01}</UniqueIdentifier>
      <Extensions>rc;ico;cur;bmp;dlg;rc2;rct;bin;rgs;gif;jpg;jpeg;jpe;resx;tiff;tif;png;wav;mfcribbon-ms</Extensions>
    </Filter>
    <Filter Include="Header Files\Util-Lib">
      <UniqueIdentifier>{eba44c40-0e14-4bff-b4b2-99bc3512763d}</UniqueIdentifier>
    </Filter>
    <Filter Include="Source Files\Util-Lib">
      <UniqueIdentifier>{a6f25efc-d6b8-4222-a9f1-b670158e7108}</UniqueIdentifier>
    </Filter>
    <Filter Include="Header Files\piklib">
      <UniqueIdentifier>{e668aa84-c81e-458f-9f4a-44a002c61243}</UniqueIdentifier>
    </Filter>
    <Filter Include="Header Files\piklib\anim">
      <UniqueIdentifier>{167ee4ea-da55-4650-9d96-19cfe28d6425}</UniqueIdentifier>
    </Filter>
    <Filter Include="Source Files\piklib">
      <UniqueIdentifier>{3b6f98b3-b64f-49f7-b07e-61f2ff7e8304}</UniqueIdentifier>
    </Filter>
    <Filter Include="Source Files\piklib\anim">
      <UniqueIdentifier>{76e5872f-a315-49f1-a483-f175801962e1}</UniqueIdentifier>
    </Filter>
    <Filter Include="Header Files\piklib\bundle">
      <UniqueIdentifier>{69ea8886-c81f-4c56-979a-3d42be6f8d08}</UniqueIdentifier>
    </Filter>
    <Filter Include="Header Files\piklib\img">
      <UniqueIdentifier>{08914d9b-f952-4262-ad7a-f8b5f9487add}</UniqueIdentifier>
    </Filter>
    <Filter Include="Source Files\piklib\img">
      <UniqueIdentifier>{90fdd707-77d4-4bda-bbea-e80ab832e8e3}</UniqueIdentifier>
    </Filter>
    <Filter Include="Source Files\piklib\bundle">
      <UniqueIdentifier>{8e5a5ff4-c517-4471-9e95-06963f511aa5}</UniqueIdentifier>
    </Filter>
  </ItemGroup>
  <ItemGroup>
    <ClCompile Include="main.cpp">
      <Filter>Source Files</Filter>
    </ClCompile>
    <ClCompile Include="util\vector_reader.cpp">
      <Filter>Source Files\Util-Lib</Filter>
    </ClCompile>
    <ClCompile Include="util\fstream_reader.cpp">
      <Filter>Source Files\Util-Lib</Filter>
    </ClCompile>
    <ClCompile Include="piklib\anim\dca.cpp">
      <Filter>Source Files\piklib\anim</Filter>
    </ClCompile>
    <ClCompile Include="piklib\anim\dck.cpp">
      <Filter>Source Files\piklib\anim</Filter>
    </ClCompile>
    <ClCompile Include="piklib\img\txe.cpp">
      <Filter>Source Files\piklib\img</Filter>
    </ClCompile>
    <ClCompile Include="piklib\img\bti.cpp">
      <Filter>Source Files\piklib\img</Filter>
    </ClCompile>
    <ClCompile Include="piklib\bundle\bun.cpp">
      <Filter>Source Files\piklib\bundle</Filter>
    </ClCompile>
    <ClCompile Include="piklib\bundle\dir.cpp">
      <Filter>Source Files\piklib\bundle</Filter>
    </ClCompile>
  </ItemGroup>
  <ItemGroup>
    <ClInclude Include="util\fstream_reader.hpp">
      <Filter>Header Files\Util-Lib</Filter>
    </ClInclude>
    <ClInclude Include="util\misc.hpp">
      <Filter>Header Files\Util-Lib</Filter>
    </ClInclude>
    <ClInclude Include="util\tokeniser.hpp">
      <Filter>Header Files\Util-Lib</Filter>
    </ClInclude>
    <ClInclude Include="util\vector_reader.hpp">
      <Filter>Header Files\Util-Lib</Filter>
    </ClInclude>
    <ClInclude Include="types.hpp">
      <Filter>Header Files</Filter>
    </ClInclude>
    <ClInclude Include="piklib\anim\anim_format.hpp">
      <Filter>Header Files\piklib\anim</Filter>
    </ClInclude>
    <ClInclude Include="piklib\pik_format.hpp">
      <Filter>Header Files\piklib</Filter>
    </ClInclude>
    <ClInclude Include="piklib\anim\dca.hpp">
      <Filter>Header Files\piklib\anim</Filter>
    </ClInclude>
    <ClInclude Include="piklib\anim\dck.hpp">
      <Filter>Header Files\piklib\anim</Filter>
    </ClInclude>
    <ClInclude Include="piklib\piklib.hpp">
      <Filter>Header Files\piklib</Filter>
    </ClInclude>
    <ClInclude Include="piklib\img\image_format.hpp">
      <Filter>Header Files\piklib\img</Filter>
    </ClInclude>
    <ClInclude Include="piklib\img\txe.hpp">
      <Filter>Header Files\piklib\img</Filter>
    </ClInclude>
    <ClInclude Include="piklib\img\bti.hpp">
      <Filter>Header Files\piklib\img</Filter>
    </ClInclude>
    <ClInclude Include="piklib\bundle\bun.hpp">
      <Filter>Header Files\piklib\bundle</Filter>
    </ClInclude>
    <ClInclude Include="piklib\bundle\dir.hpp">
      <Filter>Header Files\piklib\bundle</Filter>
    </ClInclude>
  </ItemGroup>
</Project>